<?xml version="1.0" encoding="utf-8"?>
<Project ToolsVersion="4.0" xmlns="http://schemas.microsoft.com/developer/msbuild/2003">
  <ItemGroup>
    <ClInclude Include="$(MSBuildThisFileDirectory)DXSandboxAppMain.h" />
    <ClInclude Include="$(MSBuildThisFileDirectory)pch.h" />
    <ClInclude Include="$(MSBuildThisFileDirectory)Common\DirectXHelper.h">
      <Filter>Common</Filter>
    </ClInclude>
    <ClInclude Include="$(MSBuildThisFileDirectory)Common\StepTimer.h">
      <Filter>Common</Filter>
    </ClInclude>
    <ClInclude Include="$(MSBuildThisFileDirectory)Common\DeviceResources.h">
      <Filter>Common</Filter>
    </ClInclude>
    <ClInclude Include="$(MSBuildThisFileDirectory)Input\InputTracker.h">
      <Filter>Input</Filter>
    </ClInclude>
    <ClInclude Include="$(MSBuildThisFileDirectory)Ui\TextSprite.h">
      <Filter>Ui</Filter>
    </ClInclude>
    <ClInclude Include="$(MSBuildThisFileDirectory)Ui\ImageSprite.h">
      <Filter>Ui</Filter>
    </ClInclude>
    <ClInclude Include="$(MSBuildThisFileDirectory)Common\ResourceLoader.h">
      <Filter>Common</Filter>
    </ClInclude>
    <ClInclude Include="$(MSBuildThisFileDirectory)Ui\RenderableImageSprite.h">
      <Filter>Ui</Filter>
    </ClInclude>
    <ClInclude Include="$(MSBuildThisFileDirectory)Ui\RenderableTextSprite.h">
      <Filter>Ui</Filter>
    </ClInclude>
    <ClInclude Include="$(MSBuildThisFileDirectory)Rendering\BasicDemoRenderer.h">
      <Filter>Rendering</Filter>
    </ClInclude>
    <ClInclude Include="$(MSBuildThisFileDirectory)Rendering\GameUiRenderer.h">
      <Filter>Rendering</Filter>
    </ClInclude>
    <ClInclude Include="$(MSBuildThisFileDirectory)Rendering\IDemoRenderer.h">
      <Filter>Rendering</Filter>
    </ClInclude>
    <ClInclude Include="$(MSBuildThisFileDirectory)Rendering\ShaderStructures.h">
      <Filter>Rendering</Filter>
    </ClInclude>
    <ClInclude Include="$(MSBuildThisFileDirectory)Demos\ColoredCubeRenderer.h">
      <Filter>Demos</Filter>
    </ClInclude>
    <ClInclude Include="$(MSBuildThisFileDirectory)Demos\SimpleMeshRenderer.h">
      <Filter>Demos</Filter>
    </ClInclude>
    <ClInclude Include="$(MSBuildThisFileDirectory)Common\ConstantBuffer.h">
      <Filter>Common</Filter>
    </ClInclude>
    <ClInclude Include="$(MSBuildThisFileDirectory)Demos\TexturedCubeRenderer.h">
      <Filter>Demos</Filter>
    </ClInclude>
    <ClInclude Include="$(MSBuildThisFileDirectory)Common\Camera.h">
      <Filter>Common</Filter>
    </ClInclude>
    <ClInclude Include="$(MSBuildThisFileDirectory)Rendering\Material.h">
      <Filter>Rendering</Filter>
    </ClInclude>
    <ClInclude Include="$(MSBuildThisFileDirectory)Rendering\ConfigurableDesc.h">
      <Filter>Rendering</Filter>
    </ClInclude>
    <ClInclude Include="$(MSBuildThisFileDirectory)Common\SimpleMesh.h">
      <Filter>Common</Filter>
    </ClInclude>
    <ClInclude Include="$(MSBuildThisFileDirectory)Rendering\ConstantBuffers.h">
      <Filter>Rendering</Filter>
    </ClInclude>
    <ClInclude Include="$(MSBuildThisFileDirectory)Rendering\MeshFactory.h">
      <Filter>Rendering</Filter>
    </ClInclude>
    <ClInclude Include="$(MSBuildThisFileDirectory)Common\Utility.h">
      <Filter>Common</Filter>
    </ClInclude>
    <ClInclude Include="$(MSBuildThisFileDirectory)Common\DDSTextureLoader.h">
      <Filter>Common</Filter>
    </ClInclude>
    <ClInclude Include="$(MSBuildThisFileDirectory)Game\GameHud.h">
      <Filter>Ui</Filter>
    </ClInclude>
  </ItemGroup>
  <ItemGroup>
    <ClCompile Include="$(MSBuildThisFileDirectory)DXSandboxAppMain.cpp" />
    <ClCompile Include="$(MSBuildThisFileDirectory)pch.cpp" />
    <ClCompile Include="$(MSBuildThisFileDirectory)Common\DeviceResources.cpp">
      <Filter>Common</Filter>
    </ClCompile>
    <ClCompile Include="$(MSBuildThisFileDirectory)Common\StepTimer.cpp">
      <Filter>Common</Filter>
    </ClCompile>
    <ClCompile Include="$(MSBuildThisFileDirectory)Input\InputTracker.cpp">
      <Filter>Input</Filter>
    </ClCompile>
    <ClCompile Include="$(MSBuildThisFileDirectory)Ui\TextSprite.cpp">
      <Filter>Ui</Filter>
    </ClCompile>
    <ClCompile Include="$(MSBuildThisFileDirectory)Ui\ImageSprite.cpp">
      <Filter>Ui</Filter>
    </ClCompile>
    <ClCompile Include="$(MSBuildThisFileDirectory)Common\ResourceLoader.cpp">
      <Filter>Common</Filter>
    </ClCompile>
    <ClCompile Include="$(MSBuildThisFileDirectory)Ui\RenderableImageSprite.cpp">
      <Filter>Ui</Filter>
    </ClCompile>
    <ClCompile Include="$(MSBuildThisFileDirectory)Ui\RenderableTextSprite.cpp">
      <Filter>Ui</Filter>
    </ClCompile>
    <ClCompile Include="$(MSBuildThisFileDirectory)Rendering\BasicDemoRenderer.cpp">
      <Filter>Rendering</Filter>
    </ClCompile>
    <ClCompile Include="$(MSBuildThisFileDirectory)Rendering\GameUiRenderer.cpp">
      <Filter>Rendering</Filter>
    </ClCompile>
    <ClCompile Include="$(MSBuildThisFileDirectory)Demos\ColoredCubeRenderer.cpp">
      <Filter>Demos</Filter>
    </ClCompile>
    <ClCompile Include="$(MSBuildThisFileDirectory)Demos\SimpleMeshRenderer.cpp">
      <Filter>Demos</Filter>
    </ClCompile>
    <ClCompile Include="$(MSBuildThisFileDirectory)Common\ConstantBuffer.cpp">
      <Filter>Common</Filter>
    </ClCompile>
    <ClCompile Include="$(MSBuildThisFileDirectory)Demos\TexturedCubeRenderer.cpp">
      <Filter>Demos</Filter>
    </ClCompile>
    <ClCompile Include="$(MSBuildThisFileDirectory)Common\Camera.cpp">
      <Filter>Common</Filter>
    </ClCompile>
    <ClCompile Include="$(MSBuildThisFileDirectory)Rendering\Material.cpp">
      <Filter>Rendering</Filter>
    </ClCompile>
    <ClCompile Include="$(MSBuildThisFileDirectory)Rendering\ConfigurableDesc.cpp">
      <Filter>Rendering</Filter>
    </ClCompile>
    <ClCompile Include="$(MSBuildThisFileDirectory)Common\SimpleMesh.cpp">
      <Filter>Common</Filter>
    </ClCompile>
    <ClCompile Include="$(MSBuildThisFileDirectory)Rendering\ConstantBuffers.cpp">
      <Filter>Rendering</Filter>
    </ClCompile>
    <ClCompile Include="$(MSBuildThisFileDirectory)Rendering\MeshFactory.cpp">
      <Filter>Rendering</Filter>
    </ClCompile>
    <ClCompile Include="$(MSBuildThisFileDirectory)Common\Utility.cpp">
      <Filter>Common</Filter>
    </ClCompile>
    <ClCompile Include="$(MSBuildThisFileDirectory)Common\DDSTextureLoader.cpp">
      <Filter>Common</Filter>
    </ClCompile>
    <ClCompile Include="$(MSBuildThisFileDirectory)Game\GameHud.cpp">
      <Filter>Ui</Filter>
    </ClCompile>
  </ItemGroup>
  <ItemGroup>
    <FxCompile Include="$(MSBuildThisFileDirectory)Demos\Shaders\SimpleMeshPixelShader.hlsl">
      <Filter>Demos\Shaders</Filter>
    </FxCompile>
    <FxCompile Include="$(MSBuildThisFileDirectory)Demos\Shaders\SimpleMeshVertexShader.hlsl">
      <Filter>Demos\Shaders</Filter>
    </FxCompile>
    <FxCompile Include="$(MSBuildThisFileDirectory)Demos\Shaders\ColoredCubeVertexShader.hlsl">
      <Filter>Demos\Shaders</Filter>
    </FxCompile>
    <FxCompile Include="$(MSBuildThisFileDirectory)Demos\Shaders\ColoredCubePixelShader.hlsl">
      <Filter>Demos\Shaders</Filter>
    </FxCompile>
    <FxCompile Include="$(MSBuildThisFileDirectory)Demos\Shaders\TexturedCubePixelShader.hlsl">
      <Filter>Demos\Shaders</Filter>
    </FxCompile>
    <FxCompile Include="$(MSBuildThisFileDirectory)Demos\Shaders\TexturedCubeVertexShader.hlsl">
      <Filter>Demos\Shaders</Filter>
    </FxCompile>
  </ItemGroup>
  <ItemGroup>
    <Filter Include="Common">
      <UniqueIdentifier>{f73e92cf-0eea-4f0b-8a90-6ff2f73088a9}</UniqueIdentifier>
    </Filter>
    <Filter Include="Input">
      <UniqueIdentifier>{56ddc390-f223-4ee1-bc8f-fc7639f8281d}</UniqueIdentifier>
    </Filter>
    <Filter Include="Ui">
      <UniqueIdentifier>{87d18ddc-a414-46fd-8f4b-5b1575fa14e0}</UniqueIdentifier>
    </Filter>
    <Filter Include="Rendering">
      <UniqueIdentifier>{35bc66ff-ed09-47a8-b8a3-d8707fa795dc}</UniqueIdentifier>
    </Filter>
    <Filter Include="Demos">
      <UniqueIdentifier>{a98ae5f6-b864-4b53-b613-007dff3d37f6}</UniqueIdentifier>
    </Filter>
    <Filter Include="Demos\Shaders">
      <UniqueIdentifier>{7bcb9df8-36d9-4cf0-afb4-107a571b6267}</UniqueIdentifier>
    </Filter>
    <Filter Include="Assets">
      <UniqueIdentifier>{66125395-45ef-416e-b221-15ec828a3603}</UniqueIdentifier>
    </Filter>
  </ItemGroup>
  <ItemGroup>
    <Image Include="$(MSBuildThisFileDirectory)Assets\crate.png">
      <Filter>Assets</Filter>
    </Image>
  </ItemGroup>
</Project>