
Microsoft Visual Studio Solution File, Format Version 12.00
# Visual Studio 2013
VisualStudioVersion = 12.0.21005.1
MinimumVisualStudioVersion = 10.0.40219.1
Project("{8BC9CEB8-8B4A-11D0-8D11-00A0C91BC942}") = "DXTest", "DXTest\DXTest.vcxproj", "{7C997931-48A7-4AA1-B460-8805706FE994}"
EndProject
Project("{8BC9CEB8-8B4A-11D0-8D11-00A0C91BC942}") = "DirectXTK_Desktop_2013", "DirectXTK\DirectXTK_Desktop_2013.vcxproj", "{E0B52AE7-E160-4D32-BF3F-910B785E5A8E}"
EndProject
Project("{FAE04EC0-301F-11D3-BF4B-00C04F79EFBC}") = "ObjConverter", "ObjConverter\ObjConverter.csproj", "{7B9A0CFD-8A15-472E-A4D0-8C8CD5B499F2}"
EndProject
Global
	GlobalSection(SolutionConfigurationPlatforms) = preSolution
		Debug|Any CPU = Debug|Any CPU
		Debug|Mixed Platforms = Debug|Mixed Platforms
		Debug|Win32 = Debug|Win32
		Debug|x64 = Debug|x64
		Release|Any CPU = Release|Any CPU
		Release|Mixed Platforms = Release|Mixed Platforms
		Release|Win32 = Release|Win32
		Release|x64 = Release|x64
	EndGlobalSection
	GlobalSection(ProjectConfigurationPlatforms) = postSolution
		{7C997931-48A7-4AA1-B460-8805706FE994}.Debug|Any CPU.ActiveCfg = Debug|Win32
		{7C997931-48A7-4AA1-B460-8805706FE994}.Debug|Mixed Platforms.ActiveCfg = Debug|Win32
		{7C997931-48A7-4AA1-B460-8805706FE994}.Debug|Mixed Platforms.Build.0 = Debug|Win32
		{7C997931-48A7-4AA1-B460-8805706FE994}.Debug|Win32.ActiveCfg = Debug|Win32
		{7C997931-48A7-4AA1-B460-8805706FE994}.Debug|Win32.Build.0 = Debug|Win32
		{7C997931-48A7-4AA1-B460-8805706FE994}.Debug|x64.ActiveCfg = Debug|Win32
		{7C997931-48A7-4AA1-B460-8805706FE994}.Release|Any CPU.ActiveCfg = Release|Win32
		{7C997931-48A7-4AA1-B460-8805706FE994}.Release|Mixed Platforms.ActiveCfg = Release|Win32
		{7C997931-48A7-4AA1-B460-8805706FE994}.Release|Mixed Platforms.Build.0 = Release|Win32
		{7C997931-48A7-4AA1-B460-8805706FE994}.Release|Win32.ActiveCfg = Release|Win32
		{7C997931-48A7-4AA1-B460-8805706FE994}.Release|Win32.Build.0 = Release|Win32
		{7C997931-48A7-4AA1-B460-8805706FE994}.Release|x64.ActiveCfg = Release|Win32
		{E0B52AE7-E160-4D32-BF3F-910B785E5A8E}.Debug|Any CPU.ActiveCfg = Debug|Win32
		{E0B52AE7-E160-4D32-BF3F-910B785E5A8E}.Debug|Mixed Platforms.ActiveCfg = Debug|Win32
		{E0B52AE7-E160-4D32-BF3F-910B785E5A8E}.Debug|Mixed Platforms.Build.0 = Debug|Win32
		{E0B52AE7-E160-4D32-BF3F-910B785E5A8E}.Debug|Win32.ActiveCfg = Debug|Win32
		{E0B52AE7-E160-4D32-BF3F-910B785E5A8E}.Debug|Win32.Build.0 = Debug|Win32
		{E0B52AE7-E160-4D32-BF3F-910B785E5A8E}.Debug|x64.ActiveCfg = Debug|x64
		{E0B52AE7-E160-4D32-BF3F-910B785E5A8E}.Debug|x64.Build.0 = Debug|x64
		{E0B52AE7-E160-4D32-BF3F-910B785E5A8E}.Release|Any CPU.ActiveCfg = Release|Win32
		{E0B52AE7-E160-4D32-BF3F-910B785E5A8E}.Release|Mixed Platforms.ActiveCfg = Release|Win32
		{E0B52AE7-E160-4D32-BF3F-910B785E5A8E}.Release|Mixed Platforms.Build.0 = Release|Win32
		{E0B52AE7-E160-4D32-BF3F-910B785E5A8E}.Release|Win32.ActiveCfg = Release|Win32
		{E0B52AE7-E160-4D32-BF3F-910B785E5A8E}.Release|Win32.Build.0 = Release|Win32
		{E0B52AE7-E160-4D32-BF3F-910B785E5A8E}.Release|x64.ActiveCfg = Release|x64
		{E0B52AE7-E160-4D32-BF3F-910B785E5A8E}.Release|x64.Build.0 = Release|x64
		{7B9A0CFD-8A15-472E-A4D0-8C8CD5B499F2}.Debug|Any CPU.ActiveCfg = Debug|Any CPU
		{7B9A0CFD-8A15-472E-A4D0-8C8CD5B499F2}.Debug|Any CPU.Build.0 = Debug|Any CPU
		{7B9A0CFD-8A15-472E-A4D0-8C8CD5B499F2}.Debug|Mixed Platforms.ActiveCfg = Debug|Any CPU
		{7B9A0CFD-8A15-472E-A4D0-8C8CD5B499F2}.Debug|Mixed Platforms.Build.0 = Debug|Any CPU
		{7B9A0CFD-8A15-472E-A4D0-8C8CD5B499F2}.Debug|Win32.ActiveCfg = Debug|Any CPU
		{7B9A0CFD-8A15-472E-A4D0-8C8CD5B499F2}.Debug|x64.ActiveCfg = Debug|Any CPU
		{7B9A0CFD-8A15-472E-A4D0-8C8CD5B499F2}.Release|Any CPU.ActiveCfg = Release|Any CPU
		{7B9A0CFD-8A15-472E-A4D0-8C8CD5B499F2}.Release|Any CPU.Build.0 = Release|Any CPU
		{7B9A0CFD-8A15-472E-A4D0-8C8CD5B499F2}.Release|Mixed Platforms.ActiveCfg = Release|Any CPU
		{7B9A0CFD-8A15-472E-A4D0-8C8CD5B499F2}.Release|Mixed Platforms.Build.0 = Release|Any CPU
		{7B9A0CFD-8A15-472E-A4D0-8C8CD5B499F2}.Release|Win32.ActiveCfg = Release|Any CPU
		{7B9A0CFD-8A15-472E-A4D0-8C8CD5B499F2}.Release|x64.ActiveCfg = Release|Any CPU
	EndGlobalSection
	GlobalSection(SolutionProperties) = preSolution
		HideSolutionNode = FALSE
	EndGlobalSection
EndGlobal
